PODS:
  - Kingfisher (5.14.1):
    - Kingfisher/Core (= 5.14.1)
  - Kingfisher/Core (5.14.1)
  - SwiftyJSON (5.0.0)

DEPENDENCIES:
  - Kingfisher
  - SwiftyJSON

SPEC REPOS:
  trunk:
    - Kingfisher
    - SwiftyJSON

SPEC CHECKSUMS:
  Kingfisher: 8050bc6f7f68cbf3908bd04df7ccbac188f6d6d6
  SwiftyJSON: 36413e04c44ee145039d332b4f4e2d3e8d6c4db7

PODFILE CHECKSUM: 2676d769af4fc774e01174bbeae7b0095c1b27ce

COCOAPODS: 1.9.3
